// !$*UTF8*$!
{
	archiveVersion = 1;
	classes = {
	};
	objectVersion = 54;
	objects = {

/* Begin PBXBuildFile section */
		6B1FCEB0FD96014ED23958F1 /* ContentViewTests.swift in Sources */ = {isa = PBXBuildFile; fileRef = F6B923326BAED661FB8598FC /* ContentViewTests.swift */; };
		88E1AABB58DA7A3AF3DBF829 /* SwiftUI.framework in Frameworks */ = {isa = PBXBuildFile; fileRef = BBD041D73321AE6AB550929C /* SwiftUI.framework */; };
		DDE61798A31E53B12DF313DC /* ScalerApp.swift in Sources */ = {isa = PBXBuildFile; fileRef = C708DCF51179DEFE612DD3C3 /* ScalerApp.swift */; };
		E70462A9D8A804464C5454F1 /* ContentViewUITests.swift in Sources */ = {isa = PBXBuildFile; fileRef = 5092D0765FB98507164999D4 /* ContentViewUITests.swift */; };
		F171BACDF215E5EB242EF4A2 /* ContentView.swift in Sources */ = {isa = PBXBuildFile; fileRef = 9D4728E586622E9F7D9D8EEF /* ContentView.swift */; };
/* End PBXBuildFile section */

/* Begin PBXContainerItemProxy section */
		563D605694405D9658C51CF5 /* PBXContainerItemProxy */ = {
			isa = PBXContainerItemProxy;
			containerPortal = D310BF285B740AC4712788CE /* Project object */;
			proxyType = 1;
			remoteGlobalIDString = 4CDCBD7D41D8B619491F0FFA;
			remoteInfo = ScalerApp;
		};
		E8BE85F02F0587B5F478C634 /* PBXContainerItemProxy */ = {
			isa = PBXContainerItemProxy;
			containerPortal = D310BF285B740AC4712788CE /* Project object */;
			proxyType = 1;
			remoteGlobalIDString = 4CDCBD7D41D8B619491F0FFA;
			remoteInfo = ScalerApp;
		};
/* End PBXContainerItemProxy section */

/* Begin PBXFileReference section */
		3243432363939AB4A45B3390 /* ScalerAppUITests.xctest */ = {isa = PBXFileReference; includeInIndex = 0; lastKnownFileType = wrapper.cfbundle; path = ScalerAppUITests.xctest; sourceTree = BUILT_PRODUCTS_DIR; };
		5092D0765FB98507164999D4 /* ContentViewUITests.swift */ = {isa = PBXFileReference; lastKnownFileType = sourcecode.swift; path = ContentViewUITests.swift; sourceTree = "<group>"; };
		87823D88CFC3F739715FDE7C /* ScalerApp.app */ = {isa = PBXFileReference; includeInIndex = 0; lastKnownFileType = wrapper.application; path = ScalerApp.app; sourceTree = BUILT_PRODUCTS_DIR; };
		9D4728E586622E9F7D9D8EEF /* ContentView.swift */ = {isa = PBXFileReference; lastKnownFileType = sourcecode.swift; path = ContentView.swift; sourceTree = "<group>"; };
		B9B632355DA114B3560EAEC1 /* Info.plist */ = {isa = PBXFileReference; lastKnownFileType = text.plist; path = Info.plist; sourceTree = "<group>"; };
		BAB05784BA30C26356746D1A /* ScalerAppTests.xctest */ = {isa = PBXFileReference; includeInIndex = 0; lastKnownFileType = wrapper.cfbundle; path = ScalerAppTests.xctest; sourceTree = BUILT_PRODUCTS_DIR; };
		BBD041D73321AE6AB550929C /* SwiftUI.framework */ = {isa = PBXFileReference; lastKnownFileType = wrapper.framework; name = SwiftUI.framework; path = System/Library/Frameworks/SwiftUI.framework; sourceTree = SDKROOT; };
		C708DCF51179DEFE612DD3C3 /* ScalerApp.swift */ = {isa = PBXFileReference; lastKnownFileType = sourcecode.swift; path = ScalerApp.swift; sourceTree = "<group>"; };
		F6B923326BAED661FB8598FC /* ContentViewTests.swift */ = {isa = PBXFileReference; lastKnownFileType = sourcecode.swift; path = ContentViewTests.swift; sourceTree = "<group>"; };
/* End PBXFileReference section */

/* Begin PBXFrameworksBuildPhase section */
		E39D229E905208ABC9A4F515 /* Frameworks */ = {
			isa = PBXFrameworksBuildPhase;
			buildActionMask = 2147483647;
			files = (
				88E1AABB58DA7A3AF3DBF829 /* SwiftUI.framework in Frameworks */,
			);
			runOnlyForDeploymentPostprocessing = 0;
		};
/* End PBXFrameworksBuildPhase section */

/* Begin PBXGroup section */
		1FFFD702DAA78B80E7DF217C /* Sources */ = {
			isa = PBXGroup;
			children = (
				9D4728E586622E9F7D9D8EEF /* ContentView.swift */,
				B9B632355DA114B3560EAEC1 /* Info.plist */,
				C708DCF51179DEFE612DD3C3 /* ScalerApp.swift */,
			);
			path = Sources;
			sourceTree = "<group>";
		};
		649F04A51A00DC0CC2E05D0E = {
			isa = PBXGroup;
			children = (
				1FFFD702DAA78B80E7DF217C /* Sources */,
				90A35AC7AD3DC0A5AE7EF464 /* UI */,
				B6940DFF3CDD18190BDFE380 /* Unit */,
				D74E9CC7196DF1D56116499C /* Frameworks */,
				D4FC654FF529A2F402359B7D /* Products */,
			);
			sourceTree = "<group>";
		};
		90A35AC7AD3DC0A5AE7EF464 /* UI */ = {
			isa = PBXGroup;
			children = (
				5092D0765FB98507164999D4 /* ContentViewUITests.swift */,
			);
			name = UI;
			path = Tests/UI;
			sourceTree = "<group>";
		};
		B6940DFF3CDD18190BDFE380 /* Unit */ = {
			isa = PBXGroup;
			children = (
				F6B923326BAED661FB8598FC /* ContentViewTests.swift */,
			);
			name = Unit;
			path = Tests/Unit;
			sourceTree = "<group>";
		};
		D4FC654FF529A2F402359B7D /* Products */ = {
			isa = PBXGroup;
			children = (
				87823D88CFC3F739715FDE7C /* ScalerApp.app */,
				BAB05784BA30C26356746D1A /* ScalerAppTests.xctest */,
				3243432363939AB4A45B3390 /* ScalerAppUITests.xctest */,
			);
			name = Products;
			sourceTree = "<group>";
		};
		D74E9CC7196DF1D56116499C /* Frameworks */ = {
			isa = PBXGroup;
			children = (
				BBD041D73321AE6AB550929C /* SwiftUI.framework */,
			);
			name = Frameworks;
			sourceTree = "<group>";
		};
/* End PBXGroup section */

/* Begin PBXNativeTarget section */
		19B01D3B3E9CFC5D7F02DF5F /* ScalerAppTests */ = {
			isa = PBXNativeTarget;
			buildConfigurationList = C66FF32B30CC95AC1E141155 /* Build configuration list for PBXNativeTarget "ScalerAppTests" */;
			buildPhases = (
				3A440842F76729F137161C00 /* Sources */,
			);
			buildRules = (
			);
			dependencies = (
				C63D2796F8B8431AEAB8EA7B /* PBXTargetDependency */,
			);
			name = ScalerAppTests;
			productName = ScalerAppTests;
			productReference = BAB05784BA30C26356746D1A /* ScalerAppTests.xctest */;
			productType = "com.apple.product-type.bundle.unit-test";
		};
		4CDCBD7D41D8B619491F0FFA /* ScalerApp */ = {
			isa = PBXNativeTarget;
			buildConfigurationList = F6BA6E9A34B2A803ADB2CC1B /* Build configuration list for PBXNativeTarget "ScalerApp" */;
			buildPhases = (
				243B3E757CE492ACA5F062B3 /* Sources */,
				E39D229E905208ABC9A4F515 /* Frameworks */,
			);
			buildRules = (
			);
			dependencies = (
			);
			name = ScalerApp;
			productName = ScalerApp;
			productReference = 87823D88CFC3F739715FDE7C /* ScalerApp.app */;
			productType = "com.apple.product-type.application";
		};
		6E7A93B12D119167BB9F049A /* ScalerAppUITests */ = {
			isa = PBXNativeTarget;
			buildConfigurationList = 14D657866B9A0CA614003A77 /* Build configuration list for PBXNativeTarget "ScalerAppUITests" */;
			buildPhases = (
				166789CCF38FEEBABC12EAB1 /* Sources */,
			);
			buildRules = (
			);
			dependencies = (
				527FAF52DAB9F8C83E46FBAD /* PBXTargetDependency */,
			);
			name = ScalerAppUITests;
			productName = ScalerAppUITests;
			productReference = 3243432363939AB4A45B3390 /* ScalerAppUITests.xctest */;
			productType = "com.apple.product-type.bundle.ui-testing";
		};
/* End PBXNativeTarget section */

/* Begin PBXProject section */
		D310BF285B740AC4712788CE /* Project object */ = {
			isa = PBXProject;
			attributes = {
				BuildIndependentTargetsInParallel = YES;
				LastUpgradeCheck = 1430;
				TargetAttributes = {
					19B01D3B3E9CFC5D7F02DF5F = {
						DevelopmentTeam = "";
					};
					4CDCBD7D41D8B619491F0FFA = {
						DevelopmentTeam = "";
					};
					6E7A93B12D119167BB9F049A = {
						DevelopmentTeam = "";
						TestTargetID = 4CDCBD7D41D8B619491F0FFA;
					};
				};
			};
			buildConfigurationList = 60C0AEE11DD5310A5421F9AE /* Build configuration list for PBXProject "ScalerApp" */;
			compatibilityVersion = "Xcode 14.0";
			developmentRegion = en;
			hasScannedForEncodings = 0;
			knownRegions = (
				Base,
				en,
			);
			mainGroup = 649F04A51A00DC0CC2E05D0E;
			projectDirPath = "";
			projectRoot = "";
			targets = (
				4CDCBD7D41D8B619491F0FFA /* ScalerApp */,
				19B01D3B3E9CFC5D7F02DF5F /* ScalerAppTests */,
				6E7A93B12D119167BB9F049A /* ScalerAppUITests */,
			);
		};
/* End PBXProject section */

/* Begin PBXSourcesBuildPhase section */
		166789CCF38FEEBABC12EAB1 /* Sources */ = {
			isa = PBXSourcesBuildPhase;
			buildActionMask = 2147483647;
			files = (
				E70462A9D8A804464C5454F1 /* ContentViewUITests.swift in Sources */,
			);
			runOnlyForDeploymentPostprocessing = 0;
		};
		243B3E757CE492ACA5F062B3 /* Sources */ = {
			isa = PBXSourcesBuildPhase;
			buildActionMask = 2147483647;
			files = (
				F171BACDF215E5EB242EF4A2 /* ContentView.swift in Sources */,
				DDE61798A31E53B12DF313DC /* ScalerApp.swift in Sources */,
			);
			runOnlyForDeploymentPostprocessing = 0;
		};
		3A440842F76729F137161C00 /* Sources */ = {
			isa = PBXSourcesBuildPhase;
			buildActionMask = 2147483647;
			files = (
				6B1FCEB0FD96014ED23958F1 /* ContentViewTests.swift in Sources */,
			);
			runOnlyForDeploymentPostprocessing = 0;
		};
/* End PBXSourcesBuildPhase section */

/* Begin PBXTargetDependency section */
		527FAF52DAB9F8C83E46FBAD /* PBXTargetDependency */ = {
			isa = PBXTargetDependency;
			target = 4CDCBD7D41D8B619491F0FFA /* ScalerApp */;
			targetProxy = 563D605694405D9658C51CF5 /* PBXContainerItemProxy */;
		};
		C63D2796F8B8431AEAB8EA7B /* PBXTargetDependency */ = {
			isa = PBXTargetDependency;
			target = 4CDCBD7D41D8B619491F0FFA /* ScalerApp */;
			targetProxy = E8BE85F02F0587B5F478C634 /* PBXContainerItemProxy */;
		};
/* End PBXTargetDependency section */

/* Begin XCBuildConfiguration section */
		0D73FA6ED11CE3DD3096ED9F /* Release */ = {
			isa = XCBuildConfiguration;
			buildSettings = {
				BUNDLE_LOADER = "$(TEST_HOST)";
				LD_RUNPATH_SEARCH_PATHS = (
					"$(inherited)",
					"@executable_path/Frameworks",
					"@loader_path/Frameworks",
				);
				PRODUCT_BUNDLE_IDENTIFIER = com.scaler.ScalerAppTests;
				SDKROOT = iphoneos;
				TARGETED_DEVICE_FAMILY = "1,2";
				TEST_HOST = "$(BUILT_PRODUCTS_DIR)/ScalerApp.app/ScalerApp";
			};
			name = Release;
		};
		26AA7DAD1AFDEB9F7387D4A6 /* Release */ = {
			isa = XCBuildConfiguration;
			buildSettings = {
				BUNDLE_LOADER = "$(TEST_HOST)";
				LD_RUNPATH_SEARCH_PATHS = (
					"$(inherited)",
					"@executable_path/Frameworks",
					"@loader_path/Frameworks",
				);
				PRODUCT_BUNDLE_IDENTIFIER = com.scaler.ScalerAppUITests;
				SDKROOT = iphoneos;
				TARGETED_DEVICE_FAMILY = "1,2";
				TEST_TARGET_NAME = ScalerApp;
			};
			name = Release;
		};
		7A7506F1012D52B831DAB6A6 /* Release */ = {
			isa = XCBuildConfiguration;
			buildSettings = {
				ALWAYS_SEARCH_USER_PATHS = NO;
				CLANG_ANALYZER_NONNULL = YES;
				CLANG_ANALYZER_NUMBER_OBJECT_CONVERSION = YES_AGGRESSIVE;
				CLANG_CXX_LANGUAGE_STANDARD = "gnu++14";
				CLANG_CXX_LIBRARY = "libc++";
				CLANG_ENABLE_MODULES = YES;
				CLANG_ENABLE_OBJC_ARC = YES;
				CLANG_ENABLE_OBJC_WEAK = YES;
				CLANG_WARN_BLOCK_CAPTURE_AUTORELEASING = YES;
				CLANG_WARN_BOOL_CONVERSION = YES;
				CLANG_WARN_COMMA = YES;
				CLANG_WARN_CONSTANT_CONVERSION = YES;
				CLANG_WARN_DEPRECATED_OBJC_IMPLEMENTATIONS = YES;
				CLANG_WARN_DIRECT_OBJC_ISA_USAGE = YES_ERROR;
				CLANG_WARN_DOCUMENTATION_COMMENTS = YES;
				CLANG_WARN_EMPTY_BODY = YES;
				CLANG_WARN_ENUM_CONVERSION = YES;
				CLANG_WARN_INFINITE_RECURSION = YES;
				CLANG_WARN_INT_CONVERSION = YES;
				CLANG_WARN_NON_LITERAL_NULL_CONVERSION = YES;
				CLANG_WARN_OBJC_IMPLICIT_RETAIN_SELF = YES;
				CLANG_WARN_OBJC_LITERAL_CONVERSION = YES;
				CLANG_WARN_OBJC_ROOT_CLASS = YES_ERROR;
				CLANG_WARN_QUOTED_INCLUDE_IN_FRAMEWORK_HEADER = YES;
				CLANG_WARN_RANGE_LOOP_ANALYSIS = YES;
				CLANG_WARN_STRICT_PROTOTYPES = YES;
				CLANG_WARN_SUSPICIOUS_MOVE = YES;
				CLANG_WARN_UNGUARDED_AVAILABILITY = YES_AGGRESSIVE;
				CLANG_WARN_UNREACHABLE_CODE = YES;
				CLANG_WARN__DUPLICATE_METHOD_MATCH = YES;
				COPY_PHASE_STRIP = NO;
				DEBUG_INFORMATION_FORMAT = "dwarf-with-dsym";
				DEVELOPMENT_TEAM = "";
				ENABLE_NS_ASSERTIONS = NO;
				ENABLE_STRICT_OBJC_MSGSEND = YES;
				GCC_C_LANGUAGE_STANDARD = gnu11;
				GCC_NO_COMMON_BLOCKS = YES;
				GCC_WARN_64_TO_32_BIT_CONVERSION = YES;
				GCC_WARN_ABOUT_RETURN_TYPE = YES_ERROR;
				GCC_WARN_UNDECLARED_SELECTOR = YES;
				GCC_WARN_UNINITIALIZED_AUTOS = YES_AGGRESSIVE;
				GCC_WARN_UNUSED_FUNCTION = YES;
				GCC_WARN_UNUSED_VARIABLE = YES;
				IPHONEOS_DEPLOYMENT_TARGET = 16.0;
				MTL_ENABLE_DEBUG_INFO = NO;
				MTL_FAST_MATH = YES;
				PRODUCT_NAME = "$(TARGET_NAME)";
				SDKROOT = iphoneos;
				SWIFT_COMPILATION_MODE = wholemodule;
				SWIFT_OPTIMIZATION_LEVEL = "-O";
				SWIFT_VERSION = 5.0;
			};
			name = Release;
		};
		9274F336254D5F9BA9B1BC70 /* Release */ = {
			isa = XCBuildConfiguration;
			buildSettings = {
				ASSETCATALOG_COMPILER_APPICON_NAME = AppIcon;
				CODE_SIGN_IDENTITY = "iPhone Developer";
				INFOPLIST_FILE = Sources/Info.plist;
				LD_RUNPATH_SEARCH_PATHS = (
					"$(inherited)",
					"@executable_path/Frameworks",
				);
				PRODUCT_BUNDLE_IDENTIFIER = com.scaler.app;
				SDKROOT = iphoneos;
				TARGETED_DEVICE_FAMILY = "1,2";
			};
			name = Release;
		};
		BD9562D0384878AFCF2AD8C9 /* Debug */ = {
			isa = XCBuildConfiguration;
			buildSettings = {
				BUNDLE_LOADER = "$(TEST_HOST)";
				LD_RUNPATH_SEARCH_PATHS = (
					"$(inherited)",
					"@executable_path/Frameworks",
					"@loader_path/Frameworks",
				);
				PRODUCT_BUNDLE_IDENTIFIER = com.scaler.ScalerAppUITests;
				SDKROOT = iphoneos;
				TARGETED_DEVICE_FAMILY = "1,2";
				TEST_TARGET_NAME = ScalerApp;
			};
			name = Debug;
		};
		CA67386F7540A98B2597A031 /* Debug */ = {
			isa = XCBuildConfiguration;
			buildSettings = {
				BUNDLE_LOADER = "$(TEST_HOST)";
				LD_RUNPATH_SEARCH_PATHS = (
					"$(inherited)",
					"@executable_path/Frameworks",
					"@loader_path/Frameworks",
				);
				PRODUCT_BUNDLE_IDENTIFIER = com.scaler.ScalerAppTests;
				SDKROOT = iphoneos;
				TARGETED_DEVICE_FAMILY = "1,2";
				TEST_HOST = "$(BUILT_PRODUCTS_DIR)/ScalerApp.app/ScalerApp";
			};
			name = Debug;
		};
		F73E16B40195AA7942905C00 /* Debug */ = {
			isa = XCBuildConfiguration;
			buildSettings = {
				ALWAYS_SEARCH_USER_PATHS = NO;
				CLANG_ANALYZER_NONNULL = YES;
				CLANG_ANALYZER_NUMBER_OBJECT_CONVERSION = YES_AGGRESSIVE;
				CLANG_CXX_LANGUAGE_STANDARD = "gnu++14";
				CLANG_CXX_LIBRARY = "libc++";
				CLANG_ENABLE_MODULES = YES;
				CLANG_ENABLE_OBJC_ARC = YES;
				CLANG_ENABLE_OBJC_WEAK = YES;
				CLANG_WARN_BLOCK_CAPTURE_AUTORELEASING = YES;
				CLANG_WARN_BOOL_CONVERSION = YES;
				CLANG_WARN_COMMA = YES;
				CLANG_WARN_CONSTANT_CONVERSION = YES;
				CLANG_WARN_DEPRECATED_OBJC_IMPLEMENTATIONS = YES;
				CLANG_WARN_DIRECT_OBJC_ISA_USAGE = YES_ERROR;
				CLANG_WARN_DOCUMENTATION_COMMENTS = YES;
				CLANG_WARN_EMPTY_BODY = YES;
				CLANG_WARN_ENUM_CONVERSION = YES;
				CLANG_WARN_INFINITE_RECURSION = YES;
				CLANG_WARN_INT_CONVERSION = YES;
				CLANG_WARN_NON_LITERAL_NULL_CONVERSION = YES;
				CLANG_WARN_OBJC_IMPLICIT_RETAIN_SELF = YES;
				CLANG_WARN_OBJC_LITERAL_CONVERSION = YES;
				CLANG_WARN_OBJC_ROOT_CLASS = YES_ERROR;
				CLANG_WARN_QUOTED_INCLUDE_IN_FRAMEWORK_HEADER = YES;
				CLANG_WARN_RANGE_LOOP_ANALYSIS = YES;
				CLANG_WARN_STRICT_PROTOTYPES = YES;
				CLANG_WARN_SUSPICIOUS_MOVE = YES;
				CLANG_WARN_UNGUARDED_AVAILABILITY = YES_AGGRESSIVE;
				CLANG_WARN_UNREACHABLE_CODE = YES;
				CLANG_WARN__DUPLICATE_METHOD_MATCH = YES;
				COPY_PHASE_STRIP = NO;
				DEBUG_INFORMATION_FORMAT = dwarf;
				DEVELOPMENT_TEAM = "";
				ENABLE_STRICT_OBJC_MSGSEND = YES;
				ENABLE_TESTABILITY = YES;
				GCC_C_LANGUAGE_STANDARD = gnu11;
				GCC_DYNAMIC_NO_PIC = NO;
				GCC_NO_COMMON_BLOCKS = YES;
				GCC_OPTIMIZATION_LEVEL = 0;
				GCC_PREPROCESSOR_DEFINITIONS = (
					"$(inherited)",
					"DEBUG=1",
				);
				GCC_WARN_64_TO_32_BIT_CONVERSION = YES;
				GCC_WARN_ABOUT_RETURN_TYPE = YES_ERROR;
				GCC_WARN_UNDECLARED_SELECTOR = YES;
				GCC_WARN_UNINITIALIZED_AUTOS = YES_AGGRESSIVE;
				GCC_WARN_UNUSED_FUNCTION = YES;
				GCC_WARN_UNUSED_VARIABLE = YES;
				IPHONEOS_DEPLOYMENT_TARGET = 16.0;
				MTL_ENABLE_DEBUG_INFO = INCLUDE_SOURCE;
				MTL_FAST_MATH = YES;
				ONLY_ACTIVE_ARCH = YES;
				PRODUCT_NAME = "$(TARGET_NAME)";
				SDKROOT = iphoneos;
				SWIFT_ACTIVE_COMPILATION_CONDITIONS = DEBUG;
				SWIFT_OPTIMIZATION_LEVEL = "-Onone";
				SWIFT_VERSION = 5.0;
			};
			name = Debug;
		};
		FE098E285336DED5C3188626 /* Debug */ = {
			isa = XCBuildConfiguration;
			buildSettings = {
				ASSETCATALOG_COMPILER_APPICON_NAME = AppIcon;
				CODE_SIGN_IDENTITY = "iPhone Developer";
				INFOPLIST_FILE = Sources/Info.plist;
				LD_RUNPATH_SEARCH_PATHS = (
					"$(inherited)",
					"@executable_path/Frameworks",
				);
				PRODUCT_BUNDLE_IDENTIFIER = com.scaler.app;
				SDKROOT = iphoneos;
				TARGETED_DEVICE_FAMILY = "1,2";
			};
			name = Debug;
		};
/* End XCBuildConfiguration section */

/* Begin XCConfigurationList section */
		14D657866B9A0CA614003A77 /* Build configuration list for PBXNativeTarget "ScalerAppUITests" */ = {
			isa = XCConfigurationList;
			buildConfigurations = (
				BD9562D0384878AFCF2AD8C9 /* Debug */,
				26AA7DAD1AFDEB9F7387D4A6 /* Release */,
			);
			defaultConfigurationIsVisible = 0;
			defaultConfigurationName = Debug;
		};
		60C0AEE11DD5310A5421F9AE /* Build configuration list for PBXProject "ScalerApp" */ = {
			isa = XCConfigurationList;
			buildConfigurations = (
				F73E16B40195AA7942905C00 /* Debug */,
				7A7506F1012D52B831DAB6A6 /* Release */,
			);
			defaultConfigurationIsVisible = 0;
			defaultConfigurationName = Debug;
		};
		C66FF32B30CC95AC1E141155 /* Build configuration list for PBXNativeTarget "ScalerAppTests" */ = {
			isa = XCConfigurationList;
			buildConfigurations = (
				CA67386F7540A98B2597A031 /* Debug */,
				0D73FA6ED11CE3DD3096ED9F /* Release */,
			);
			defaultConfigurationIsVisible = 0;
			defaultConfigurationName = Debug;
		};
		F6BA6E9A34B2A803ADB2CC1B /* Build configuration list for PBXNativeTarget "ScalerApp" */ = {
			isa = XCConfigurationList;
			buildConfigurations = (
				FE098E285336DED5C3188626 /* Debug */,
				9274F336254D5F9BA9B1BC70 /* Release */,
			);
			defaultConfigurationIsVisible = 0;
			defaultConfigurationName = Debug;
		};
/* End XCConfigurationList section */
	};
	rootObject = D310BF285B740AC4712788CE /* Project object */;
}
